// !$*UTF8*$!
{
	archiveVersion = 1;
	classes = {
	};
	objectVersion = 46;
	objects = {

/* Begin PBXBuildFile section */
		375FF77C1F813EDE00E1A856 /* AppDelegate.swift in Sources */ = {isa = PBXBuildFile; fileRef = 375FF77B1F813EDE00E1A856 /* AppDelegate.swift */; };
		375FF77E1F813EDE00E1A856 /* ViewController.swift in Sources */ = {isa = PBXBuildFile; fileRef = 375FF77D1F813EDE00E1A856 /* ViewController.swift */; };
		375FF7811F813EDE00E1A856 /* Main.storyboard in Resources */ = {isa = PBXBuildFile; fileRef = 375FF77F1F813EDE00E1A856 /* Main.storyboard */; };
		375FF7831F813EDE00E1A856 /* Assets.xcassets in Resources */ = {isa = PBXBuildFile; fileRef = 375FF7821F813EDE00E1A856 /* Assets.xcassets */; };
		375FF7861F813EDE00E1A856 /* LaunchScreen.storyboard in Resources */ = {isa = PBXBuildFile; fileRef = 375FF7841F813EDE00E1A856 /* LaunchScreen.storyboard */; };
		375FF78E1F8151EA00E1A856 /* SettingsTableViewController.swift in Sources */ = {isa = PBXBuildFile; fileRef = 375FF78D1F8151EA00E1A856 /* SettingsTableViewController.swift */; };
		375FF7901F8152DF00E1A856 /* AppSettings.swift in Sources */ = {isa = PBXBuildFile; fileRef = 375FF78F1F8152DF00E1A856 /* AppSettings.swift */; };
		376030031F9259E3003C91DB /* NotificationCenter.framework in Frameworks */ = {isa = PBXBuildFile; fileRef = 376030021F9259E3003C91DB /* NotificationCenter.framework */; };
		376030061F9259E3003C91DB /* TodayViewController.swift in Sources */ = {isa = PBXBuildFile; fileRef = 376030051F9259E3003C91DB /* TodayViewController.swift */; };
		376030091F9259E3003C91DB /* MainInterface.storyboard in Resources */ = {isa = PBXBuildFile; fileRef = 376030071F9259E3003C91DB /* MainInterface.storyboard */; };
		3760300D1F9259E3003C91DB /* Widget.appex in Embed App Extensions */ = {isa = PBXBuildFile; fileRef = 376030001F9259E3003C91DB /* Widget.appex */; settings = {ATTRIBUTES = (RemoveHeadersOnCopy, ); }; };
		376030131F9260E1003C91DB /* HomeLock.swift in Sources */ = {isa = PBXBuildFile; fileRef = 376030121F9260E1003C91DB /* HomeLock.swift */; };
		376030151F9260FE003C91DB /* HLRequests.swift in Sources */ = {isa = PBXBuildFile; fileRef = 376030141F9260FE003C91DB /* HLRequests.swift */; };
		376030171F926873003C91DB /* HomeLock.swift in Sources */ = {isa = PBXBuildFile; fileRef = 376030161F926873003C91DB /* HomeLock.swift */; };
/* End PBXBuildFile section */

/* Begin PBXContainerItemProxy section */
		3760300B1F9259E3003C91DB /* PBXContainerItemProxy */ = {
			isa = PBXContainerItemProxy;
			containerPortal = 375FF7701F813EDE00E1A856 /* Project object */;
			proxyType = 1;
			remoteGlobalIDString = 37602FFF1F9259E3003C91DB;
			remoteInfo = Widget;
		};
/* End PBXContainerItemProxy section */

/* Begin PBXCopyFilesBuildPhase section */
		376030111F9259E3003C91DB /* Embed App Extensions */ = {
			isa = PBXCopyFilesBuildPhase;
			buildActionMask = 2147483647;
			dstPath = "";
			dstSubfolderSpec = 13;
			files = (
				3760300D1F9259E3003C91DB /* Widget.appex in Embed App Extensions */,
			);
			name = "Embed App Extensions";
			runOnlyForDeploymentPostprocessing = 0;
		};
/* End PBXCopyFilesBuildPhase section */

/* Begin PBXFileReference section */
		375FF7781F813EDE00E1A856 /* Home Lock.app */ = {isa = PBXFileReference; explicitFileType = wrapper.application; includeInIndex = 0; path = "Home Lock.app"; sourceTree = BUILT_PRODUCTS_DIR; };
		375FF77B1F813EDE00E1A856 /* AppDelegate.swift */ = {isa = PBXFileReference; lastKnownFileType = sourcecode.swift; path = AppDelegate.swift; sourceTree = "<group>"; };
		375FF77D1F813EDE00E1A856 /* ViewController.swift */ = {isa = PBXFileReference; lastKnownFileType = sourcecode.swift; path = ViewController.swift; sourceTree = "<group>"; };
		375FF7801F813EDE00E1A856 /* Base */ = {isa = PBXFileReference; lastKnownFileType = file.storyboard; name = Base; path = Base.lproj/Main.storyboard; sourceTree = "<group>"; };
		375FF7821F813EDE00E1A856 /* Assets.xcassets */ = {isa = PBXFileReference; lastKnownFileType = folder.assetcatalog; path = Assets.xcassets; sourceTree = "<group>"; };
		375FF7851F813EDE00E1A856 /* Base */ = {isa = PBXFileReference; lastKnownFileType = file.storyboard; name = Base; path = Base.lproj/LaunchScreen.storyboard; sourceTree = "<group>"; };
		375FF7871F813EDE00E1A856 /* Info.plist */ = {isa = PBXFileReference; lastKnownFileType = text.plist.xml; path = Info.plist; sourceTree = "<group>"; };
		375FF78D1F8151EA00E1A856 /* SettingsTableViewController.swift */ = {isa = PBXFileReference; fileEncoding = 4; lastKnownFileType = sourcecode.swift; path = SettingsTableViewController.swift; sourceTree = "<group>"; };
		375FF78F1F8152DF00E1A856 /* AppSettings.swift */ = {isa = PBXFileReference; fileEncoding = 4; lastKnownFileType = sourcecode.swift; path = AppSettings.swift; sourceTree = "<group>"; };
		376030001F9259E3003C91DB /* Widget.appex */ = {isa = PBXFileReference; explicitFileType = "wrapper.app-extension"; includeInIndex = 0; path = Widget.appex; sourceTree = BUILT_PRODUCTS_DIR; };
		376030021F9259E3003C91DB /* NotificationCenter.framework */ = {isa = PBXFileReference; lastKnownFileType = wrapper.framework; name = NotificationCenter.framework; path = System/Library/Frameworks/NotificationCenter.framework; sourceTree = SDKROOT; };
		376030051F9259E3003C91DB /* TodayViewController.swift */ = {isa = PBXFileReference; lastKnownFileType = sourcecode.swift; path = TodayViewController.swift; sourceTree = "<group>"; };
		376030081F9259E3003C91DB /* Base */ = {isa = PBXFileReference; lastKnownFileType = file.storyboard; name = Base; path = Base.lproj/MainInterface.storyboard; sourceTree = "<group>"; };
		3760300A1F9259E3003C91DB /* Info.plist */ = {isa = PBXFileReference; lastKnownFileType = text.plist.xml; path = Info.plist; sourceTree = "<group>"; };
		376030121F9260E1003C91DB /* HomeLock.swift */ = {isa = PBXFileReference; fileEncoding = 4; lastKnownFileType = sourcecode.swift; path = HomeLock.swift; sourceTree = "<group>"; };
		376030141F9260FE003C91DB /* HLRequests.swift */ = {isa = PBXFileReference; fileEncoding = 4; lastKnownFileType = sourcecode.swift; path = HLRequests.swift; sourceTree = "<group>"; };
		376030161F926873003C91DB /* HomeLock.swift */ = {isa = PBXFileReference; fileEncoding = 4; lastKnownFileType = sourcecode.swift; path = HomeLock.swift; sourceTree = "<group>"; };
/* End PBXFileReference section */

/* Begin PBXFrameworksBuildPhase section */
		375FF7751F813EDE00E1A856 /* Frameworks */ = {
			isa = PBXFrameworksBuildPhase;
			buildActionMask = 2147483647;
			files = (
			);
			runOnlyForDeploymentPostprocessing = 0;
		};
		37602FFD1F9259E3003C91DB /* Frameworks */ = {
			isa = PBXFrameworksBuildPhase;
			buildActionMask = 2147483647;
			files = (
				376030031F9259E3003C91DB /* NotificationCenter.framework in Frameworks */,
			);
			runOnlyForDeploymentPostprocessing = 0;
		};
/* End PBXFrameworksBuildPhase section */

/* Begin PBXGroup section */
		375FF76F1F813EDE00E1A856 = {
			isa = PBXGroup;
			children = (
				375FF77A1F813EDE00E1A856 /* Home Lock */,
				376030041F9259E3003C91DB /* Widget */,
				376030011F9259E3003C91DB /* Frameworks */,
				375FF7791F813EDE00E1A856 /* Products */,
			);
			sourceTree = "<group>";
		};
		375FF7791F813EDE00E1A856 /* Products */ = {
			isa = PBXGroup;
			children = (
				375FF7781F813EDE00E1A856 /* Home Lock.app */,
				376030001F9259E3003C91DB /* Widget.appex */,
			);
			name = Products;
			sourceTree = "<group>";
		};
		375FF77A1F813EDE00E1A856 /* Home Lock */ = {
			isa = PBXGroup;
			children = (
				375FF77B1F813EDE00E1A856 /* AppDelegate.swift */,
				375FF77D1F813EDE00E1A856 /* ViewController.swift */,
				375FF77F1F813EDE00E1A856 /* Main.storyboard */,
				375FF7821F813EDE00E1A856 /* Assets.xcassets */,
				375FF7841F813EDE00E1A856 /* LaunchScreen.storyboard */,
				375FF7871F813EDE00E1A856 /* Info.plist */,
				375FF78D1F8151EA00E1A856 /* SettingsTableViewController.swift */,
				375FF78F1F8152DF00E1A856 /* AppSettings.swift */,
				376030121F9260E1003C91DB /* HomeLock.swift */,
				376030141F9260FE003C91DB /* HLRequests.swift */,
			);
			path = "Home Lock";
			sourceTree = "<group>";
		};
		376030011F9259E3003C91DB /* Frameworks */ = {
			isa = PBXGroup;
			children = (
				376030021F9259E3003C91DB /* NotificationCenter.framework */,
			);
			name = Frameworks;
			sourceTree = "<group>";
		};
		376030041F9259E3003C91DB /* Widget */ = {
			isa = PBXGroup;
			children = (
				376030051F9259E3003C91DB /* TodayViewController.swift */,
				376030071F9259E3003C91DB /* MainInterface.storyboard */,
				3760300A1F9259E3003C91DB /* Info.plist */,
				376030161F926873003C91DB /* HomeLock.swift */,
			);
			path = Widget;
			sourceTree = "<group>";
		};
/* End PBXGroup section */

/* Begin PBXNativeTarget section */
		375FF7771F813EDE00E1A856 /* Home Lock */ = {
			isa = PBXNativeTarget;
			buildConfigurationList = 375FF78A1F813EDE00E1A856 /* Build configuration list for PBXNativeTarget "Home Lock" */;
			buildPhases = (
				375FF7741F813EDE00E1A856 /* Sources */,
				375FF7751F813EDE00E1A856 /* Frameworks */,
				375FF7761F813EDE00E1A856 /* Resources */,
				376030111F9259E3003C91DB /* Embed App Extensions */,
			);
			buildRules = (
			);
			dependencies = (
				3760300C1F9259E3003C91DB /* PBXTargetDependency */,
			);
			name = "Home Lock";
			productName = "Home Lock";
			productReference = 375FF7781F813EDE00E1A856 /* Home Lock.app */;
			productType = "com.apple.product-type.application";
		};
		37602FFF1F9259E3003C91DB /* Widget */ = {
			isa = PBXNativeTarget;
			buildConfigurationList = 376030101F9259E3003C91DB /* Build configuration list for PBXNativeTarget "Widget" */;
			buildPhases = (
				37602FFC1F9259E3003C91DB /* Sources */,
				37602FFD1F9259E3003C91DB /* Frameworks */,
				37602FFE1F9259E3003C91DB /* Resources */,
			);
			buildRules = (
			);
			dependencies = (
			);
			name = Widget;
			productName = Widget;
			productReference = 376030001F9259E3003C91DB /* Widget.appex */;
			productType = "com.apple.product-type.app-extension";
		};
/* End PBXNativeTarget section */

/* Begin PBXProject section */
		375FF7701F813EDE00E1A856 /* Project object */ = {
			isa = PBXProject;
			attributes = {
				LastSwiftUpdateCheck = 0830;
				LastUpgradeCheck = 0830;
				ORGANIZATIONNAME = GSP;
				TargetAttributes = {
					375FF7771F813EDE00E1A856 = {
						CreatedOnToolsVersion = 8.3.3;
						DevelopmentTeam = 4UDF68884M;
						ProvisioningStyle = Automatic;
					};
					37602FFF1F9259E3003C91DB = {
						CreatedOnToolsVersion = 8.3.3;
						DevelopmentTeam = 4UDF68884M;
						ProvisioningStyle = Automatic;
					};
				};
			};
			buildConfigurationList = 375FF7731F813EDE00E1A856 /* Build configuration list for PBXProject "Home Lock" */;
			compatibilityVersion = "Xcode 3.2";
			developmentRegion = English;
			hasScannedForEncodings = 0;
			knownRegions = (
				en,
				Base,
			);
			mainGroup = 375FF76F1F813EDE00E1A856;
			productRefGroup = 375FF7791F813EDE00E1A856 /* Products */;
			projectDirPath = "";
			projectRoot = "";
			targets = (
				375FF7771F813EDE00E1A856 /* Home Lock */,
				37602FFF1F9259E3003C91DB /* Widget */,
			);
		};
/* End PBXProject section */

/* Begin PBXResourcesBuildPhase section */
		375FF7761F813EDE00E1A856 /* Resources */ = {
			isa = PBXResourcesBuildPhase;
			buildActionMask = 2147483647;
			files = (
				375FF7861F813EDE00E1A856 /* LaunchScreen.storyboard in Resources */,
				375FF7831F813EDE00E1A856 /* Assets.xcassets in Resources */,
				375FF7811F813EDE00E1A856 /* Main.storyboard in Resources */,
			);
			runOnlyForDeploymentPostprocessing = 0;
		};
		37602FFE1F9259E3003C91DB /* Resources */ = {
			isa = PBXResourcesBuildPhase;
			buildActionMask = 2147483647;
			files = (
				376030091F9259E3003C91DB /* MainInterface.storyboard in Resources */,
			);
			runOnlyForDeploymentPostprocessing = 0;
		};
/* End PBXResourcesBuildPhase section */

/* Begin PBXSourcesBuildPhase section */
		375FF7741F813EDE00E1A856 /* Sources */ = {
			isa = PBXSourcesBuildPhase;
			buildActionMask = 2147483647;
			files = (
				375FF77E1F813EDE00E1A856 /* ViewController.swift in Sources */,
				376030151F9260FE003C91DB /* HLRequests.swift in Sources */,
				375FF77C1F813EDE00E1A856 /* AppDelegate.swift in Sources */,
				375FF7901F8152DF00E1A856 /* AppSettings.swift in Sources */,
				376030131F9260E1003C91DB /* HomeLock.swift in Sources */,
				375FF78E1F8151EA00E1A856 /* SettingsTableViewController.swift in Sources */,
			);
			runOnlyForDeploymentPostprocessing = 0;
		};
		37602FFC1F9259E3003C91DB /* Sources */ = {
			isa = PBXSourcesBuildPhase;
			buildActionMask = 2147483647;
			files = (
				376030061F9259E3003C91DB /* TodayViewController.swift in Sources */,
				376030171F926873003C91DB /* HomeLock.swift in Sources */,
			);
			runOnlyForDeploymentPostprocessing = 0;
		};
/* End PBXSourcesBuildPhase section */

/* Begin PBXTargetDependency section */
		3760300C1F9259E3003C91DB /* PBXTargetDependency */ = {
			isa = PBXTargetDependency;
			target = 37602FFF1F9259E3003C91DB /* Widget */;
			targetProxy = 3760300B1F9259E3003C91DB /* PBXContainerItemProxy */;
		};
/* End PBXTargetDependency section */

/* Begin PBXVariantGroup section */
		375FF77F1F813EDE00E1A856 /* Main.storyboard */ = {
			isa = PBXVariantGroup;
			children = (
				375FF7801F813EDE00E1A856 /* Base */,
			);
			name = Main.storyboard;
			sourceTree = "<group>";
		};
		375FF7841F813EDE00E1A856 /* LaunchScreen.storyboard */ = {
			isa = PBXVariantGroup;
			children = (
				375FF7851F813EDE00E1A856 /* Base */,
			);
			name = LaunchScreen.storyboard;
			sourceTree = "<group>";
		};
		376030071F9259E3003C91DB /* MainInterface.storyboard */ = {
			isa = PBXVariantGroup;
			children = (
				376030081F9259E3003C91DB /* Base */,
			);
			name = MainInterface.storyboard;
			sourceTree = "<group>";
		};
/* End PBXVariantGroup section */

/* Begin XCBuildConfiguration section */
		375FF7881F813EDE00E1A856 /* Debug */ = {
			isa = XCBuildConfiguration;
			buildSettings = {
				ALWAYS_SEARCH_USER_PATHS = NO;
				CLANG_ANALYZER_NONNULL = YES;
				CLANG_ANALYZER_NUMBER_OBJECT_CONVERSION = YES_AGGRESSIVE;
				CLANG_CXX_LANGUAGE_STANDARD = "gnu++0x";
				CLANG_CXX_LIBRARY = "libc++";
				CLANG_ENABLE_MODULES = YES;
				CLANG_ENABLE_OBJC_ARC = YES;
				CLANG_WARN_BOOL_CONVERSION = YES;
				CLANG_WARN_CONSTANT_CONVERSION = YES;
				CLANG_WARN_DIRECT_OBJC_ISA_USAGE = YES_ERROR;
				CLANG_WARN_DOCUMENTATION_COMMENTS = YES;
				CLANG_WARN_EMPTY_BODY = YES;
				CLANG_WARN_ENUM_CONVERSION = YES;
				CLANG_WARN_INFINITE_RECURSION = YES;
				CLANG_WARN_INT_CONVERSION = YES;
				CLANG_WARN_OBJC_ROOT_CLASS = YES_ERROR;
				CLANG_WARN_SUSPICIOUS_MOVE = YES;
				CLANG_WARN_UNREACHABLE_CODE = YES;
				CLANG_WARN__DUPLICATE_METHOD_MATCH = YES;
				"CODE_SIGN_IDENTITY[sdk=iphoneos*]" = "iPhone Developer";
				COPY_PHASE_STRIP = NO;
				DEBUG_INFORMATION_FORMAT = dwarf;
				ENABLE_STRICT_OBJC_MSGSEND = YES;
				ENABLE_TESTABILITY = YES;
				GCC_C_LANGUAGE_STANDARD = gnu99;
				GCC_DYNAMIC_NO_PIC = NO;
				GCC_NO_COMMON_BLOCKS = YES;
				GCC_OPTIMIZATION_LEVEL = 0;
				GCC_PREPROCESSOR_DEFINITIONS = (
					"DEBUG=1",
					"$(inherited)",
				);
				GCC_WARN_64_TO_32_BIT_CONVERSION = YES;
				GCC_WARN_ABOUT_RETURN_TYPE = YES_ERROR;
				GCC_WARN_UNDECLARED_SELECTOR = YES;
				GCC_WARN_UNINITIALIZED_AUTOS = YES_AGGRESSIVE;
				GCC_WARN_UNUSED_FUNCTION = YES;
				GCC_WARN_UNUSED_VARIABLE = YES;
				IPHONEOS_DEPLOYMENT_TARGET = 10.3;
				MTL_ENABLE_DEBUG_INFO = YES;
				ONLY_ACTIVE_ARCH = YES;
				SDKROOT = iphoneos;
				SWIFT_ACTIVE_COMPILATION_CONDITIONS = DEBUG;
				SWIFT_OPTIMIZATION_LEVEL = "-Onone";
				TARGETED_DEVICE_FAMILY = "1,2";
			};
			name = Debug;
		};
		375FF7891F813EDE00E1A856 /* Release */ = {
			isa = XCBuildConfiguration;
			buildSettings = {
				ALWAYS_SEARCH_USER_PATHS = NO;
				CLANG_ANALYZER_NONNULL = YES;
				CLANG_ANALYZER_NUMBER_OBJECT_CONVERSION = YES_AGGRESSIVE;
				CLANG_CXX_LANGUAGE_STANDARD = "gnu++0x";
				CLANG_CXX_LIBRARY = "libc++";
				CLANG_ENABLE_MODULES = YES;
				CLANG_ENABLE_OBJC_ARC = YES;
				CLANG_WARN_BOOL_CONVERSION = YES;
				CLANG_WARN_CONSTANT_CONVERSION = YES;
				CLANG_WARN_DIRECT_OBJC_ISA_USAGE = YES_ERROR;
				CLANG_WARN_DOCUMENTATION_COMMENTS = YES;
				CLANG_WARN_EMPTY_BODY = YES;
				CLANG_WARN_ENUM_CONVERSION = YES;
				CLANG_WARN_INFINITE_RECURSION = YES;
				CLANG_WARN_INT_CONVERSION = YES;
				CLANG_WARN_OBJC_ROOT_CLASS = YES_ERROR;
				CLANG_WARN_SUSPICIOUS_MOVE = YES;
				CLANG_WARN_UNREACHABLE_CODE = YES;
				CLANG_WARN__DUPLICATE_METHOD_MATCH = YES;
				"CODE_SIGN_IDENTITY[sdk=iphoneos*]" = "iPhone Developer";
				COPY_PHASE_STRIP = NO;
				DEBUG_INFORMATION_FORMAT = "dwarf-with-dsym";
				ENABLE_NS_ASSERTIONS = NO;
				ENABLE_STRICT_OBJC_MSGSEND = YES;
				GCC_C_LANGUAGE_STANDARD = gnu99;
				GCC_NO_COMMON_BLOCKS = YES;
				GCC_WARN_64_TO_32_BIT_CONVERSION = YES;
				GCC_WARN_ABOUT_RETURN_TYPE = YES_ERROR;
				GCC_WARN_UNDECLARED_SELECTOR = YES;
				GCC_WARN_UNINITIALIZED_AUTOS = YES_AGGRESSIVE;
				GCC_WARN_UNUSED_FUNCTION = YES;
				GCC_WARN_UNUSED_VARIABLE = YES;
				IPHONEOS_DEPLOYMENT_TARGET = 10.3;
				MTL_ENABLE_DEBUG_INFO = NO;
				SDKROOT = iphoneos;
				SWIFT_OPTIMIZATION_LEVEL = "-Owholemodule";
				TARGETED_DEVICE_FAMILY = "1,2";
				VALIDATE_PRODUCT = YES;
			};
			name = Release;
		};
		375FF78B1F813EDE00E1A856 /* Debug */ = {
			isa = XCBuildConfiguration;
			buildSettings = {
				ALWAYS_EMBED_SWIFT_STANDARD_LIBRARIES = YES;
				ASSETCATALOG_COMPILER_APPICON_NAME = AppIcon;
				DEVELOPMENT_TEAM = 4UDF68884M;
				INFOPLIST_FILE = "Home Lock/Info.plist";
				LD_RUNPATH_SEARCH_PATHS = "$(inherited) @executable_path/Frameworks";
				PRODUCT_BUNDLE_IDENTIFIER = "com.gregpaton08.Home-Lock";
				PRODUCT_NAME = "$(TARGET_NAME)";
				SWIFT_VERSION = 3.0;
			};
			name = Debug;
		};
		375FF78C1F813EDE00E1A856 /* Release */ = {
			isa = XCBuildConfiguration;
			buildSettings = {
				ALWAYS_EMBED_SWIFT_STANDARD_LIBRARIES = YES;
				ASSETCATALOG_COMPILER_APPICON_NAME = AppIcon;
				DEVELOPMENT_TEAM = 4UDF68884M;
				INFOPLIST_FILE = "Home Lock/Info.plist";
				LD_RUNPATH_SEARCH_PATHS = "$(inherited) @executable_path/Frameworks";
				PRODUCT_BUNDLE_IDENTIFIER = "com.gregpaton08.Home-Lock";
				PRODUCT_NAME = "$(TARGET_NAME)";
				SWIFT_VERSION = 3.0;
			};
			name = Release;
		};
		3760300E1F9259E3003C91DB /* Debug */ = {
			isa = XCBuildConfiguration;
			buildSettings = {
				DEVELOPMENT_TEAM = 4UDF68884M;
				INFOPLIST_FILE = Widget/Info.plist;
				LD_RUNPATH_SEARCH_PATHS = "$(inherited) @executable_path/Frameworks @executable_path/../../Frameworks";
				PRODUCT_BUNDLE_IDENTIFIER = "com.gregpaton08.Home-Lock.Widget";
				PRODUCT_NAME = "$(TARGET_NAME)";
				SKIP_INSTALL = YES;
				SWIFT_VERSION = 3.0;
			};
			name = Debug;
		};
		3760300F1F9259E3003C91DB /* Release */ = {
			isa = XCBuildConfiguration;
			buildSettings = {
				DEVELOPMENT_TEAM = 4UDF68884M;
				INFOPLIST_FILE = Widget/Info.plist;
				LD_RUNPATH_SEARCH_PATHS = "$(inherited) @executable_path/Frameworks @executable_path/../../Frameworks";
				PRODUCT_BUNDLE_IDENTIFIER = "com.gregpaton08.Home-Lock.Widget";
				PRODUCT_NAME = "$(TARGET_NAME)";
				SKIP_INSTALL = YES;
				SWIFT_VERSION = 3.0;
			};
			name = Release;
		};
/* End XCBuildConfiguration section */

/* Begin XCConfigurationList section */
		375FF7731F813EDE00E1A856 /* Build configuration list for PBXProject "Home Lock" */ = {
			isa = XCConfigurationList;
			buildConfigurations = (
				375FF7881F813EDE00E1A856 /* Debug */,
				375FF7891F813EDE00E1A856 /* Release */,
			);
			defaultConfigurationIsVisible = 0;
			defaultConfigurationName = Release;
		};
		375FF78A1F813EDE00E1A856 /* Build configuration list for PBXNativeTarget "Home Lock" */ = {
			isa = XCConfigurationList;
			buildConfigurations = (
				375FF78B1F813EDE00E1A856 /* Debug */,
				375FF78C1F813EDE00E1A856 /* Release */,
			);
			defaultConfigurationIsVisible = 0;
			defaultConfigurationName = Release;
		};
		376030101F9259E3003C91DB /* Build configuration list for PBXNativeTarget "Widget" */ = {
			isa = XCConfigurationList;
			buildConfigurations = (
				3760300E1F9259E3003C91DB /* Debug */,
				3760300F1F9259E3003C91DB /* Release */,
			);
			defaultConfigurationIsVisible = 0;
		};
/* End XCConfigurationList section */
	};
	rootObject = 375FF7701F813EDE00E1A856 /* Project object */;
}
